
Microsoft Visual Studio Solution File, Format Version 12.00
# Visual Studio Version 16
VisualStudioVersion = 16.0.32106.194
MinimumVisualStudioVersion = 10.0.40219.1
Project("{FAE04EC0-301F-11D3-BF4B-00C04F79EFBC}") = "Method2", "Method2\Method2.csproj", "{665FD8E7-37A5-43AC-82CE-5BE4FD68CC38}"
EndProject
Global
	GlobalSection(SolutionConfigurationPlatforms) = preSolution
		Debug|Any CPU = Debug|Any CPU
		Release|Any CPU = Release|Any CPU
	EndGlobalSection
	GlobalSection(ProjectConfigurationPlatforms) = postSolution
		{665FD8E7-37A5-43AC-82CE-5BE4FD68CC38}.Debug|Any CPU.ActiveCfg = Debug|Any CPU
		{665FD8E7-37A5-43AC-82CE-5BE4FD68CC38}.Debug|Any CPU.Build.0 = Debug|Any CPU
		{665FD8E7-37A5-43AC-82CE-5BE4FD68CC38}.Release|Any CPU.ActiveCfg = Release|Any CPU
		{665FD8E7-37A5-43AC-82CE-5BE4FD68CC38}.Release|Any CPU.Build.0 = Release|Any CPU
	EndGlobalSection
	GlobalSection(SolutionProperties) = preSolution
		HideSolutionNode = FALSE
	EndGlobalSection
	GlobalSection(ExtensibilityGlobals) = postSolution
		SolutionGuid = {3659679F-8C8E-4B8E-946F-3DBD5C8B2F77}
	EndGlobalSection
EndGlobal
